
Microsoft Visual Studio Solution File, Format Version 12.00
# Visual Studio Version 17
VisualStudioVersion = 17.7.34024.191
MinimumVisualStudioVersion = 10.0.40219.1
Project("{FAE04EC0-301F-11D3-BF4B-00C04F79EFBC}") = "newareaoftenshape", "newareaoftenshape.csproj", "{5FA5AB1C-299C-492A-B3B0-B0B95B2995ED}"
EndProject
Global
	GlobalSection(SolutionConfigurationPlatforms) = preSolution
		Debug|Any CPU = Debug|Any CPU
		Release|Any CPU = Release|Any CPU
	EndGlobalSection
	GlobalSection(ProjectConfigurationPlatforms) = postSolution
		{5FA5AB1C-299C-492A-B3B0-B0B95B2995ED}.Debug|Any CPU.ActiveCfg = Debug|Any CPU
		{5FA5AB1C-299C-492A-B3B0-B0B95B2995ED}.Debug|Any CPU.Build.0 = Debug|Any CPU
		{5FA5AB1C-299C-492A-B3B0-B0B95B2995ED}.Release|Any CPU.ActiveCfg = Release|Any CPU
		{5FA5AB1C-299C-492A-B3B0-B0B95B2995ED}.Release|Any CPU.Build.0 = Release|Any CPU
	EndGlobalSection
	GlobalSection(SolutionProperties) = preSolution
		HideSolutionNode = FALSE
	EndGlobalSection
	GlobalSection(ExtensibilityGlobals) = postSolution
		SolutionGuid = {E38D1C78-F55E-493D-80AC-F8B43B442272}
	EndGlobalSection
EndGlobal
